// !$*UTF8*$!
{
	archiveVersion = 1;
	classes = {
	};
	objectVersion = 50;
	objects = {

/* Begin PBXBuildFile section */
		2310957A26518CD900CDF004 /* AppDelegate.swift in Sources */ = {isa = PBXBuildFile; fileRef = 2310957926518CD900CDF004 /* AppDelegate.swift */; };
		2310957C26518CD900CDF004 /* SceneDelegate.swift in Sources */ = {isa = PBXBuildFile; fileRef = 2310957B26518CD900CDF004 /* SceneDelegate.swift */; };
		2310957E26518CD900CDF004 /* ViewController.swift in Sources */ = {isa = PBXBuildFile; fileRef = 2310957D26518CD900CDF004 /* ViewController.swift */; };
		2310958126518CD900CDF004 /* Main.storyboard in Resources */ = {isa = PBXBuildFile; fileRef = 2310957F26518CD900CDF004 /* Main.storyboard */; };
		2310958326518CDA00CDF004 /* Assets.xcassets in Resources */ = {isa = PBXBuildFile; fileRef = 2310958226518CDA00CDF004 /* Assets.xcassets */; };
		2310958626518CDA00CDF004 /* LaunchScreen.storyboard in Resources */ = {isa = PBXBuildFile; fileRef = 2310958426518CDA00CDF004 /* LaunchScreen.storyboard */; };
		2310959126518CDB00CDF004 /* gitHubPairTesterTests.swift in Sources */ = {isa = PBXBuildFile; fileRef = 2310959026518CDB00CDF004 /* gitHubPairTesterTests.swift */; };
		2310959C26518CDB00CDF004 /* gitHubPairTesterUITests.swift in Sources */ = {isa = PBXBuildFile; fileRef = 2310959B26518CDB00CDF004 /* gitHubPairTesterUITests.swift */; };
/* End PBXBuildFile section */

/* Begin PBXContainerItemProxy section */
		2310958D26518CDB00CDF004 /* PBXContainerItemProxy */ = {
			isa = PBXContainerItemProxy;
			containerPortal = 2310956E26518CD900CDF004 /* Project object */;
			proxyType = 1;
			remoteGlobalIDString = 2310957526518CD900CDF004;
			remoteInfo = gitHubPairTester;
		};
		2310959826518CDB00CDF004 /* PBXContainerItemProxy */ = {
			isa = PBXContainerItemProxy;
			containerPortal = 2310956E26518CD900CDF004 /* Project object */;
			proxyType = 1;
			remoteGlobalIDString = 2310957526518CD900CDF004;
			remoteInfo = gitHubPairTester;
		};
/* End PBXContainerItemProxy section */

/* Begin PBXFileReference section */
		2310957626518CD900CDF004 /* gitHubPairTester.app */ = {isa = PBXFileReference; explicitFileType = wrapper.application; includeInIndex = 0; path = gitHubPairTester.app; sourceTree = BUILT_PRODUCTS_DIR; };
		2310957926518CD900CDF004 /* AppDelegate.swift */ = {isa = PBXFileReference; lastKnownFileType = sourcecode.swift; path = AppDelegate.swift; sourceTree = "<group>"; };
		2310957B26518CD900CDF004 /* SceneDelegate.swift */ = {isa = PBXFileReference; lastKnownFileType = sourcecode.swift; path = SceneDelegate.swift; sourceTree = "<group>"; };
		2310957D26518CD900CDF004 /* ViewController.swift */ = {isa = PBXFileReference; lastKnownFileType = sourcecode.swift; path = ViewController.swift; sourceTree = "<group>"; };
		2310958026518CD900CDF004 /* Base */ = {isa = PBXFileReference; lastKnownFileType = file.storyboard; name = Base; path = Base.lproj/Main.storyboard; sourceTree = "<group>"; };
		2310958226518CDA00CDF004 /* Assets.xcassets */ = {isa = PBXFileReference; lastKnownFileType = folder.assetcatalog; path = Assets.xcassets; sourceTree = "<group>"; };
		2310958526518CDA00CDF004 /* Base */ = {isa = PBXFileReference; lastKnownFileType = file.storyboard; name = Base; path = Base.lproj/LaunchScreen.storyboard; sourceTree = "<group>"; };
		2310958726518CDA00CDF004 /* Info.plist */ = {isa = PBXFileReference; lastKnownFileType = text.plist.xml; path = Info.plist; sourceTree = "<group>"; };
		2310958C26518CDB00CDF004 /* gitHubPairTesterTests.xctest */ = {isa = PBXFileReference; explicitFileType = wrapper.cfbundle; includeInIndex = 0; path = gitHubPairTesterTests.xctest; sourceTree = BUILT_PRODUCTS_DIR; };
		2310959026518CDB00CDF004 /* gitHubPairTesterTests.swift */ = {isa = PBXFileReference; lastKnownFileType = sourcecode.swift; path = gitHubPairTesterTests.swift; sourceTree = "<group>"; };
		2310959226518CDB00CDF004 /* Info.plist */ = {isa = PBXFileReference; lastKnownFileType = text.plist.xml; path = Info.plist; sourceTree = "<group>"; };
		2310959726518CDB00CDF004 /* gitHubPairTesterUITests.xctest */ = {isa = PBXFileReference; explicitFileType = wrapper.cfbundle; includeInIndex = 0; path = gitHubPairTesterUITests.xctest; sourceTree = BUILT_PRODUCTS_DIR; };
		2310959B26518CDB00CDF004 /* gitHubPairTesterUITests.swift */ = {isa = PBXFileReference; lastKnownFileType = sourcecode.swift; path = gitHubPairTesterUITests.swift; sourceTree = "<group>"; };
		2310959D26518CDB00CDF004 /* Info.plist */ = {isa = PBXFileReference; lastKnownFileType = text.plist.xml; path = Info.plist; sourceTree = "<group>"; };
/* End PBXFileReference section */

/* Begin PBXFrameworksBuildPhase section */
		2310957326518CD900CDF004 /* Frameworks */ = {
			isa = PBXFrameworksBuildPhase;
			buildActionMask = 2147483647;
			files = (
			);
			runOnlyForDeploymentPostprocessing = 0;
		};
		2310958926518CDB00CDF004 /* Frameworks */ = {
			isa = PBXFrameworksBuildPhase;
			buildActionMask = 2147483647;
			files = (
			);
			runOnlyForDeploymentPostprocessing = 0;
		};
		2310959426518CDB00CDF004 /* Frameworks */ = {
			isa = PBXFrameworksBuildPhase;
			buildActionMask = 2147483647;
			files = (
			);
			runOnlyForDeploymentPostprocessing = 0;
		};
/* End PBXFrameworksBuildPhase section */

/* Begin PBXGroup section */
		2310956D26518CD900CDF004 = {
			isa = PBXGroup;
			children = (
				2310957826518CD900CDF004 /* gitHubPairTester */,
				2310958F26518CDB00CDF004 /* gitHubPairTesterTests */,
				2310959A26518CDB00CDF004 /* gitHubPairTesterUITests */,
				2310957726518CD900CDF004 /* Products */,
			);
			sourceTree = "<group>";
		};
		2310957726518CD900CDF004 /* Products */ = {
			isa = PBXGroup;
			children = (
				2310957626518CD900CDF004 /* gitHubPairTester.app */,
				2310958C26518CDB00CDF004 /* gitHubPairTesterTests.xctest */,
				2310959726518CDB00CDF004 /* gitHubPairTesterUITests.xctest */,
			);
			name = Products;
			sourceTree = "<group>";
		};
		2310957826518CD900CDF004 /* gitHubPairTester */ = {
			isa = PBXGroup;
			children = (
				2310957926518CD900CDF004 /* AppDelegate.swift */,
				2310957B26518CD900CDF004 /* SceneDelegate.swift */,
				2310957D26518CD900CDF004 /* ViewController.swift */,
				2310957F26518CD900CDF004 /* Main.storyboard */,
				2310958226518CDA00CDF004 /* Assets.xcassets */,
				2310958426518CDA00CDF004 /* LaunchScreen.storyboard */,
				2310958726518CDA00CDF004 /* Info.plist */,
			);
			path = gitHubPairTester;
			sourceTree = "<group>";
		};
		2310958F26518CDB00CDF004 /* gitHubPairTesterTests */ = {
			isa = PBXGroup;
			children = (
				2310959026518CDB00CDF004 /* gitHubPairTesterTests.swift */,
				2310959226518CDB00CDF004 /* Info.plist */,
			);
			path = gitHubPairTesterTests;
			sourceTree = "<group>";
		};
		2310959A26518CDB00CDF004 /* gitHubPairTesterUITests */ = {
			isa = PBXGroup;
			children = (
				2310959B26518CDB00CDF004 /* gitHubPairTesterUITests.swift */,
				2310959D26518CDB00CDF004 /* Info.plist */,
			);
			path = gitHubPairTesterUITests;
			sourceTree = "<group>";
		};
/* End PBXGroup section */

/* Begin PBXNativeTarget section */
		2310957526518CD900CDF004 /* gitHubPairTester */ = {
			isa = PBXNativeTarget;
			buildConfigurationList = 231095A026518CDB00CDF004 /* Build configuration list for PBXNativeTarget "gitHubPairTester" */;
			buildPhases = (
				2310957226518CD900CDF004 /* Sources */,
				2310957326518CD900CDF004 /* Frameworks */,
				2310957426518CD900CDF004 /* Resources */,
			);
			buildRules = (
			);
			dependencies = (
			);
			name = gitHubPairTester;
			productName = gitHubPairTester;
			productReference = 2310957626518CD900CDF004 /* gitHubPairTester.app */;
			productType = "com.apple.product-type.application";
		};
		2310958B26518CDB00CDF004 /* gitHubPairTesterTests */ = {
			isa = PBXNativeTarget;
			buildConfigurationList = 231095A326518CDB00CDF004 /* Build configuration list for PBXNativeTarget "gitHubPairTesterTests" */;
			buildPhases = (
				2310958826518CDB00CDF004 /* Sources */,
				2310958926518CDB00CDF004 /* Frameworks */,
				2310958A26518CDB00CDF004 /* Resources */,
			);
			buildRules = (
			);
			dependencies = (
				2310958E26518CDB00CDF004 /* PBXTargetDependency */,
			);
			name = gitHubPairTesterTests;
			productName = gitHubPairTesterTests;
			productReference = 2310958C26518CDB00CDF004 /* gitHubPairTesterTests.xctest */;
			productType = "com.apple.product-type.bundle.unit-test";
		};
		2310959626518CDB00CDF004 /* gitHubPairTesterUITests */ = {
			isa = PBXNativeTarget;
			buildConfigurationList = 231095A626518CDB00CDF004 /* Build configuration list for PBXNativeTarget "gitHubPairTesterUITests" */;
			buildPhases = (
				2310959326518CDB00CDF004 /* Sources */,
				2310959426518CDB00CDF004 /* Frameworks */,
				2310959526518CDB00CDF004 /* Resources */,
			);
			buildRules = (
			);
			dependencies = (
				2310959926518CDB00CDF004 /* PBXTargetDependency */,
			);
			name = gitHubPairTesterUITests;
			productName = gitHubPairTesterUITests;
			productReference = 2310959726518CDB00CDF004 /* gitHubPairTesterUITests.xctest */;
			productType = "com.apple.product-type.bundle.ui-testing";
		};
/* End PBXNativeTarget section */

/* Begin PBXProject section */
		2310956E26518CD900CDF004 /* Project object */ = {
			isa = PBXProject;
			attributes = {
				LastSwiftUpdateCheck = 1240;
				LastUpgradeCheck = 1240;
				TargetAttributes = {
					2310957526518CD900CDF004 = {
						CreatedOnToolsVersion = 12.4;
					};
					2310958B26518CDB00CDF004 = {
						CreatedOnToolsVersion = 12.4;
						TestTargetID = 2310957526518CD900CDF004;
					};
					2310959626518CDB00CDF004 = {
						CreatedOnToolsVersion = 12.4;
						TestTargetID = 2310957526518CD900CDF004;
					};
				};
			};
			buildConfigurationList = 2310957126518CD900CDF004 /* Build configuration list for PBXProject "gitHubPairTester" */;
			compatibilityVersion = "Xcode 9.3";
			developmentRegion = en;
			hasScannedForEncodings = 0;
			knownRegions = (
				en,
				Base,
			);
			mainGroup = 2310956D26518CD900CDF004;
			productRefGroup = 2310957726518CD900CDF004 /* Products */;
			projectDirPath = "";
			projectRoot = "";
			targets = (
				2310957526518CD900CDF004 /* gitHubPairTester */,
				2310958B26518CDB00CDF004 /* gitHubPairTesterTests */,
				2310959626518CDB00CDF004 /* gitHubPairTesterUITests */,
			);
		};
/* End PBXProject section */

/* Begin PBXResourcesBuildPhase section */
		2310957426518CD900CDF004 /* Resources */ = {
			isa = PBXResourcesBuildPhase;
			buildActionMask = 2147483647;
			files = (
				2310958626518CDA00CDF004 /* LaunchScreen.storyboard in Resources */,
				2310958326518CDA00CDF004 /* Assets.xcassets in Resources */,
				2310958126518CD900CDF004 /* Main.storyboard in Resources */,
			);
			runOnlyForDeploymentPostprocessing = 0;
		};
		2310958A26518CDB00CDF004 /* Resources */ = {
			isa = PBXResourcesBuildPhase;
			buildActionMask = 2147483647;
			files = (
			);
			runOnlyForDeploymentPostprocessing = 0;
		};
		2310959526518CDB00CDF004 /* Resources */ = {
			isa = PBXResourcesBuildPhase;
			buildActionMask = 2147483647;
			files = (
			);
			runOnlyForDeploymentPostprocessing = 0;
		};
/* End PBXResourcesBuildPhase section */

/* Begin PBXSourcesBuildPhase section */
		2310957226518CD900CDF004 /* Sources */ = {
			isa = PBXSourcesBuildPhase;
			buildActionMask = 2147483647;
			files = (
				2310957E26518CD900CDF004 /* ViewController.swift in Sources */,
				2310957A26518CD900CDF004 /* AppDelegate.swift in Sources */,
				2310957C26518CD900CDF004 /* SceneDelegate.swift in Sources */,
			);
			runOnlyForDeploymentPostprocessing = 0;
		};
		2310958826518CDB00CDF004 /* Sources */ = {
			isa = PBXSourcesBuildPhase;
			buildActionMask = 2147483647;
			files = (
				2310959126518CDB00CDF004 /* gitHubPairTesterTests.swift in Sources */,
			);
			runOnlyForDeploymentPostprocessing = 0;
		};
		2310959326518CDB00CDF004 /* Sources */ = {
			isa = PBXSourcesBuildPhase;
			buildActionMask = 2147483647;
			files = (
				2310959C26518CDB00CDF004 /* gitHubPairTesterUITests.swift in Sources */,
			);
			runOnlyForDeploymentPostprocessing = 0;
		};
/* End PBXSourcesBuildPhase section */

/* Begin PBXTargetDependency section */
		2310958E26518CDB00CDF004 /* PBXTargetDependency */ = {
			isa = PBXTargetDependency;
			target = 2310957526518CD900CDF004 /* gitHubPairTester */;
			targetProxy = 2310958D26518CDB00CDF004 /* PBXContainerItemProxy */;
		};
		2310959926518CDB00CDF004 /* PBXTargetDependency */ = {
			isa = PBXTargetDependency;
			target = 2310957526518CD900CDF004 /* gitHubPairTester */;
			targetProxy = 2310959826518CDB00CDF004 /* PBXContainerItemProxy */;
		};
/* End PBXTargetDependency section */

/* Begin PBXVariantGroup section */
		2310957F26518CD900CDF004 /* Main.storyboard */ = {
			isa = PBXVariantGroup;
			children = (
				2310958026518CD900CDF004 /* Base */,
			);
			name = Main.storyboard;
			sourceTree = "<group>";
		};
		2310958426518CDA00CDF004 /* LaunchScreen.storyboard */ = {
			isa = PBXVariantGroup;
			children = (
				2310958526518CDA00CDF004 /* Base */,
			);
			name = LaunchScreen.storyboard;
			sourceTree = "<group>";
		};
/* End PBXVariantGroup section */

/* Begin XCBuildConfiguration section */
		2310959E26518CDB00CDF004 /* Debug */ = {
			isa = XCBuildConfiguration;
			buildSettings = {
				ALWAYS_SEARCH_USER_PATHS = NO;
				CLANG_ANALYZER_NONNULL = YES;
				CLANG_ANALYZER_NUMBER_OBJECT_CONVERSION = YES_AGGRESSIVE;
				CLANG_CXX_LANGUAGE_STANDARD = "gnu++14";
				CLANG_CXX_LIBRARY = "libc++";
				CLANG_ENABLE_MODULES = YES;
				CLANG_ENABLE_OBJC_ARC = YES;
				CLANG_ENABLE_OBJC_WEAK = YES;
				CLANG_WARN_BLOCK_CAPTURE_AUTORELEASING = YES;
				CLANG_WARN_BOOL_CONVERSION = YES;
				CLANG_WARN_COMMA = YES;
				CLANG_WARN_CONSTANT_CONVERSION = YES;
				CLANG_WARN_DEPRECATED_OBJC_IMPLEMENTATIONS = YES;
				CLANG_WARN_DIRECT_OBJC_ISA_USAGE = YES_ERROR;
				CLANG_WARN_DOCUMENTATION_COMMENTS = YES;
				CLANG_WARN_EMPTY_BODY = YES;
				CLANG_WARN_ENUM_CONVERSION = YES;
				CLANG_WARN_INFINITE_RECURSION = YES;
				CLANG_WARN_INT_CONVERSION = YES;
				CLANG_WARN_NON_LITERAL_NULL_CONVERSION = YES;
				CLANG_WARN_OBJC_IMPLICIT_RETAIN_SELF = YES;
				CLANG_WARN_OBJC_LITERAL_CONVERSION = YES;
				CLANG_WARN_OBJC_ROOT_CLASS = YES_ERROR;
				CLANG_WARN_QUOTED_INCLUDE_IN_FRAMEWORK_HEADER = YES;
				CLANG_WARN_RANGE_LOOP_ANALYSIS = YES;
				CLANG_WARN_STRICT_PROTOTYPES = YES;
				CLANG_WARN_SUSPICIOUS_MOVE = YES;
				CLANG_WARN_UNGUARDED_AVAILABILITY = YES_AGGRESSIVE;
				CLANG_WARN_UNREACHABLE_CODE = YES;
				CLANG_WARN__DUPLICATE_METHOD_MATCH = YES;
				COPY_PHASE_STRIP = NO;
				DEBUG_INFORMATION_FORMAT = dwarf;
				ENABLE_STRICT_OBJC_MSGSEND = YES;
				ENABLE_TESTABILITY = YES;
				GCC_C_LANGUAGE_STANDARD = gnu11;
				GCC_DYNAMIC_NO_PIC = NO;
				GCC_NO_COMMON_BLOCKS = YES;
				GCC_OPTIMIZATION_LEVEL = 0;
				GCC_PREPROCESSOR_DEFINITIONS = (
					"DEBUG=1",
					"$(inherited)",
				);
				GCC_WARN_64_TO_32_BIT_CONVERSION = YES;
				GCC_WARN_ABOUT_RETURN_TYPE = YES_ERROR;
				GCC_WARN_UNDECLARED_SELECTOR = YES;
				GCC_WARN_UNINITIALIZED_AUTOS = YES_AGGRESSIVE;
				GCC_WARN_UNUSED_FUNCTION = YES;
				GCC_WARN_UNUSED_VARIABLE = YES;
				IPHONEOS_DEPLOYMENT_TARGET = 14.4;
				MTL_ENABLE_DEBUG_INFO = INCLUDE_SOURCE;
				MTL_FAST_MATH = YES;
				ONLY_ACTIVE_ARCH = YES;
				SDKROOT = iphoneos;
				SWIFT_ACTIVE_COMPILATION_CONDITIONS = DEBUG;
				SWIFT_OPTIMIZATION_LEVEL = "-Onone";
			};
			name = Debug;
		};
		2310959F26518CDB00CDF004 /* Release */ = {
			isa = XCBuildConfiguration;
			buildSettings = {
				ALWAYS_SEARCH_USER_PATHS = NO;
				CLANG_ANALYZER_NONNULL = YES;
				CLANG_ANALYZER_NUMBER_OBJECT_CONVERSION = YES_AGGRESSIVE;
				CLANG_CXX_LANGUAGE_STANDARD = "gnu++14";
				CLANG_CXX_LIBRARY = "libc++";
				CLANG_ENABLE_MODULES = YES;
				CLANG_ENABLE_OBJC_ARC = YES;
				CLANG_ENABLE_OBJC_WEAK = YES;
				CLANG_WARN_BLOCK_CAPTURE_AUTORELEASING = YES;
				CLANG_WARN_BOOL_CONVERSION = YES;
				CLANG_WARN_COMMA = YES;
				CLANG_WARN_CONSTANT_CONVERSION = YES;
				CLANG_WARN_DEPRECATED_OBJC_IMPLEMENTATIONS = YES;
				CLANG_WARN_DIRECT_OBJC_ISA_USAGE = YES_ERROR;
				CLANG_WARN_DOCUMENTATION_COMMENTS = YES;
				CLANG_WARN_EMPTY_BODY = YES;
				CLANG_WARN_ENUM_CONVERSION = YES;
				CLANG_WARN_INFINITE_RECURSION = YES;
				CLANG_WARN_INT_CONVERSION = YES;
				CLANG_WARN_NON_LITERAL_NULL_CONVERSION = YES;
				CLANG_WARN_OBJC_IMPLICIT_RETAIN_SELF = YES;
				CLANG_WARN_OBJC_LITERAL_CONVERSION = YES;
				CLANG_WARN_OBJC_ROOT_CLASS = YES_ERROR;
				CLANG_WARN_QUOTED_INCLUDE_IN_FRAMEWORK_HEADER = YES;
				CLANG_WARN_RANGE_LOOP_ANALYSIS = YES;
				CLANG_WARN_STRICT_PROTOTYPES = YES;
				CLANG_WARN_SUSPICIOUS_MOVE = YES;
				CLANG_WARN_UNGUARDED_AVAILABILITY = YES_AGGRESSIVE;
				CLANG_WARN_UNREACHABLE_CODE = YES;
				CLANG_WARN__DUPLICATE_METHOD_MATCH = YES;
				COPY_PHASE_STRIP = NO;
				DEBUG_INFORMATION_FORMAT = "dwarf-with-dsym";
				ENABLE_NS_ASSERTIONS = NO;
				ENABLE_STRICT_OBJC_MSGSEND = YES;
				GCC_C_LANGUAGE_STANDARD = gnu11;
				GCC_NO_COMMON_BLOCKS = YES;
				GCC_WARN_64_TO_32_BIT_CONVERSION = YES;
				GCC_WARN_ABOUT_RETURN_TYPE = YES_ERROR;
				GCC_WARN_UNDECLARED_SELECTOR = YES;
				GCC_WARN_UNINITIALIZED_AUTOS = YES_AGGRESSIVE;
				GCC_WARN_UNUSED_FUNCTION = YES;
				GCC_WARN_UNUSED_VARIABLE = YES;
				IPHONEOS_DEPLOYMENT_TARGET = 14.4;
				MTL_ENABLE_DEBUG_INFO = NO;
				MTL_FAST_MATH = YES;
				SDKROOT = iphoneos;
				SWIFT_COMPILATION_MODE = wholemodule;
				SWIFT_OPTIMIZATION_LEVEL = "-O";
				VALIDATE_PRODUCT = YES;
			};
			name = Release;
		};
		231095A126518CDB00CDF004 /* Debug */ = {
			isa = XCBuildConfiguration;
			buildSettings = {
				ASSETCATALOG_COMPILER_APPICON_NAME = AppIcon;
				ASSETCATALOG_COMPILER_GLOBAL_ACCENT_COLOR_NAME = AccentColor;
				CODE_SIGN_STYLE = Automatic;
				INFOPLIST_FILE = gitHubPairTester/Info.plist;
				LD_RUNPATH_SEARCH_PATHS = (
					"$(inherited)",
					"@executable_path/Frameworks",
				);
				PRODUCT_BUNDLE_IDENTIFIER = mercedesmoore.gitHubPairTester;
				PRODUCT_NAME = "$(TARGET_NAME)";
				SWIFT_VERSION = 5.0;
				TARGETED_DEVICE_FAMILY = "1,2";
			};
			name = Debug;
		};
		231095A226518CDB00CDF004 /* Release */ = {
			isa = XCBuildConfiguration;
			buildSettings = {
				ASSETCATALOG_COMPILER_APPICON_NAME = AppIcon;
				ASSETCATALOG_COMPILER_GLOBAL_ACCENT_COLOR_NAME = AccentColor;
				CODE_SIGN_STYLE = Automatic;
				INFOPLIST_FILE = gitHubPairTester/Info.plist;
				LD_RUNPATH_SEARCH_PATHS = (
					"$(inherited)",
					"@executable_path/Frameworks",
				);
				PRODUCT_BUNDLE_IDENTIFIER = mercedesmoore.gitHubPairTester;
				PRODUCT_NAME = "$(TARGET_NAME)";
				SWIFT_VERSION = 5.0;
				TARGETED_DEVICE_FAMILY = "1,2";
			};
			name = Release;
		};
		231095A426518CDB00CDF004 /* Debug */ = {
			isa = XCBuildConfiguration;
			buildSettings = {
				ALWAYS_EMBED_SWIFT_STANDARD_LIBRARIES = YES;
				BUNDLE_LOADER = "$(TEST_HOST)";
				CODE_SIGN_STYLE = Automatic;
				INFOPLIST_FILE = gitHubPairTesterTests/Info.plist;
				IPHONEOS_DEPLOYMENT_TARGET = 14.4;
				LD_RUNPATH_SEARCH_PATHS = (
					"$(inherited)",
					"@executable_path/Frameworks",
					"@loader_path/Frameworks",
				);
				PRODUCT_BUNDLE_IDENTIFIER = mercedesmoore.gitHubPairTesterTests;
				PRODUCT_NAME = "$(TARGET_NAME)";
				SWIFT_VERSION = 5.0;
				TARGETED_DEVICE_FAMILY = "1,2";
				TEST_HOST = "$(BUILT_PRODUCTS_DIR)/gitHubPairTester.app/gitHubPairTester";
			};
			name = Debug;
		};
		231095A526518CDB00CDF004 /* Release */ = {
			isa = XCBuildConfiguration;
			buildSettings = {
				ALWAYS_EMBED_SWIFT_STANDARD_LIBRARIES = YES;
				BUNDLE_LOADER = "$(TEST_HOST)";
				CODE_SIGN_STYLE = Automatic;
				INFOPLIST_FILE = gitHubPairTesterTests/Info.plist;
				IPHONEOS_DEPLOYMENT_TARGET = 14.4;
				LD_RUNPATH_SEARCH_PATHS = (
					"$(inherited)",
					"@executable_path/Frameworks",
					"@loader_path/Frameworks",
				);
				PRODUCT_BUNDLE_IDENTIFIER = mercedesmoore.gitHubPairTesterTests;
				PRODUCT_NAME = "$(TARGET_NAME)";
				SWIFT_VERSION = 5.0;
				TARGETED_DEVICE_FAMILY = "1,2";
				TEST_HOST = "$(BUILT_PRODUCTS_DIR)/gitHubPairTester.app/gitHubPairTester";
			};
			name = Release;
		};
		231095A726518CDB00CDF004 /* Debug */ = {
			isa = XCBuildConfiguration;
			buildSettings = {
				ALWAYS_EMBED_SWIFT_STANDARD_LIBRARIES = YES;
				CODE_SIGN_STYLE = Automatic;
				INFOPLIST_FILE = gitHubPairTesterUITests/Info.plist;
				LD_RUNPATH_SEARCH_PATHS = (
					"$(inherited)",
					"@executable_path/Frameworks",
					"@loader_path/Frameworks",
				);
				PRODUCT_BUNDLE_IDENTIFIER = mercedesmoore.gitHubPairTesterUITests;
				PRODUCT_NAME = "$(TARGET_NAME)";
				SWIFT_VERSION = 5.0;
				TARGETED_DEVICE_FAMILY = "1,2";
				TEST_TARGET_NAME = gitHubPairTester;
			};
			name = Debug;
		};
		231095A826518CDB00CDF004 /* Release */ = {
			isa = XCBuildConfiguration;
			buildSettings = {
				ALWAYS_EMBED_SWIFT_STANDARD_LIBRARIES = YES;
				CODE_SIGN_STYLE = Automatic;
				INFOPLIST_FILE = gitHubPairTesterUITests/Info.plist;
				LD_RUNPATH_SEARCH_PATHS = (
					"$(inherited)",
					"@executable_path/Frameworks",
					"@loader_path/Frameworks",
				);
				PRODUCT_BUNDLE_IDENTIFIER = mercedesmoore.gitHubPairTesterUITests;
				PRODUCT_NAME = "$(TARGET_NAME)";
				SWIFT_VERSION = 5.0;
				TARGETED_DEVICE_FAMILY = "1,2";
				TEST_TARGET_NAME = gitHubPairTester;
			};
			name = Release;
		};
/* End XCBuildConfiguration section */

/* Begin XCConfigurationList section */
		2310957126518CD900CDF004 /* Build configuration list for PBXProject "gitHubPairTester" */ = {
			isa = XCConfigurationList;
			buildConfigurations = (
				2310959E26518CDB00CDF004 /* Debug */,
				2310959F26518CDB00CDF004 /* Release */,
			);
			defaultConfigurationIsVisible = 0;
			defaultConfigurationName = Release;
		};
		231095A026518CDB00CDF004 /* Build configuration list for PBXNativeTarget "gitHubPairTester" */ = {
			isa = XCConfigurationList;
			buildConfigurations = (
				231095A126518CDB00CDF004 /* Debug */,
				231095A226518CDB00CDF004 /* Release */,
			);
			defaultConfigurationIsVisible = 0;
			defaultConfigurationName = Release;
		};
		231095A326518CDB00CDF004 /* Build configuration list for PBXNativeTarget "gitHubPairTesterTests" */ = {
			isa = XCConfigurationList;
			buildConfigurations = (
				231095A426518CDB00CDF004 /* Debug */,
				231095A526518CDB00CDF004 /* Release */,
			);
			defaultConfigurationIsVisible = 0;
			defaultConfigurationName = Release;
		};
		231095A626518CDB00CDF004 /* Build configuration list for PBXNativeTarget "gitHubPairTesterUITests" */ = {
			isa = XCConfigurationList;
			buildConfigurations = (
				231095A726518CDB00CDF004 /* Debug */,
				231095A826518CDB00CDF004 /* Release */,
			);
			defaultConfigurationIsVisible = 0;
			defaultConfigurationName = Release;
		};
/* End XCConfigurationList section */
	};
	rootObject = 2310956E26518CD900CDF004 /* Project object */;
}
